{
  "name": "flash-cards",
  "version": "1.0.0",
  "lockfileVersion": 1,
  "requires": true,
  "dependencies": {
    "@polymer/lit-element": {
      "version": "0.1.0",
      "resolved": "https://registry.npmjs.org/@polymer/lit-element/-/lit-element-0.1.0.tgz",
      "integrity": "sha512-p2zOv2gHrSqwQpWb/tv8TDs/4Y2R6ZFVQUgREVWKctu9OlYSBOg6m4e66y2QoweSFSiL1y20vnFM38kTZQ7NTg==",
      "requires": {
        "@polymer/polymer": "3.0.0-pre.6",
        "lit-html": "0.8.0"
      }
    },
    "@polymer/polymer": {
      "version": "3.0.0-pre.6",
      "resolved": "https://registry.npmjs.org/@polymer/polymer/-/polymer-3.0.0-pre.6.tgz",
      "integrity": "sha512-HiVqzn7IfSH7d7PPk7fa8Xj9Irb90CHT1DTGE6lBqAluiQ9VUloVeqenSRuxZdgFJw5Pr2p97aVrRhYfCmoJ6Q==",
      "requires": {
        "@webcomponents/shadycss": "1.1.1",
        "@webcomponents/webcomponentsjs": "1.1.0"
      }
    },
    "@webcomponents/shadycss": {
      "version": "1.1.1",
      "resolved": "https://registry.npmjs.org/@webcomponents/shadycss/-/shadycss-1.1.1.tgz",
      "integrity": "sha512-7iVMw1HU0e5tTxL1OIqw/RBGmnYuz1HUNd7t1UYq7VmoBOl5Zm4g3spUBSksyd97SiXauFlXAeSpA0/in9k+dw=="
    },
    "@webcomponents/webcomponentsjs": {
      "version": "1.1.0",
      "resolved": "https://registry.npmjs.org/@webcomponents/webcomponentsjs/-/webcomponentsjs-1.1.0.tgz",
      "integrity": "sha512-7toNyVlrl7vJnY3PU0eXIK1KWq8phfnEe1IwOdCMxkIl/BfUkUB2aaVs45R0LSx1qxHRnkqj0vlGtskUvKkNkA=="
    },
    "lit-html": {
      "version": "0.8.0",
      "resolved": "https://registry.npmjs.org/lit-html/-/lit-html-0.8.0.tgz",
      "integrity": "sha512-kGscQq8lrzOppkyJGmQIo1tcyz/l7v7GYTcLhZTtix09BfI68hoUFbkRk8XohaWRscSd6ovTPQbSqhOzxGeh+g=="
    }
  }
}
